
Microsoft Visual Studio Solution File, Format Version 12.00
# Visual Studio Version 17
VisualStudioVersion = 17.13.35828.75 d17.13
MinimumVisualStudioVersion = 10.0.40219.1
Project("{FAE04EC0-301F-11D3-BF4B-00C04F79EFBC}") = "WpfCloudServer", "WpfCloudServer\WpfCloudServer.csproj", "{EA19C52E-19AA-4EA6-B74F-E4490D08B708}"
EndProject
Global
	GlobalSection(SolutionConfigurationPlatforms) = preSolution
		Debug|Any CPU = Debug|Any CPU
		Release|Any CPU = Release|Any CPU
	EndGlobalSection
	GlobalSection(ProjectConfigurationPlatforms) = postSolution
		{EA19C52E-19AA-4EA6-B74F-E4490D08B708}.Debug|Any CPU.ActiveCfg = Debug|Any CPU
		{EA19C52E-19AA-4EA6-B74F-E4490D08B708}.Debug|Any CPU.Build.0 = Debug|Any CPU
		{EA19C52E-19AA-4EA6-B74F-E4490D08B708}.Release|Any CPU.ActiveCfg = Release|Any CPU
		{EA19C52E-19AA-4EA6-B74F-E4490D08B708}.Release|Any CPU.Build.0 = Release|Any CPU
	EndGlobalSection
	GlobalSection(SolutionProperties) = preSolution
		HideSolutionNode = FALSE
	EndGlobalSection
	GlobalSection(ExtensibilityGlobals) = postSolution
		SolutionGuid = {E4133E1C-74AB-42A4-8793-DA9AA3D2282D}
	EndGlobalSection
EndGlobal
